<?xml version="1.0" encoding="utf-8"?>
<Project ToolsVersion="4.0" xmlns="http://schemas.microsoft.com/developer/msbuild/2003">
  <ItemGroup>
    <Filter Include="Source Files">
      <UniqueIdentifier>{4FC737F1-C7A5-4376-A066-2A32D752A2FF}</UniqueIdentifier>
      <Extensions>cpp;c;cc;cxx;def;odl;idl;hpj;bat;asm;asmx</Extensions>
    </Filter>
    <Filter Include="Header Files">
      <UniqueIdentifier>{93995380-89BD-4b04-88EB-625FBE52EBFB}</UniqueIdentifier>
      <Extensions>h;hh;hpp;hxx;hm;inl;inc;xsd</Extensions>
    </Filter>
    <Filter Include="Resource Files">
      <UniqueIdentifier>{67DA6AB6-F800-4c08-8B7A-83BB121AAD01}</UniqueIdentifier>
      <Extensions>rc;ico;cur;bmp;dlg;rc2;rct;bin;rgs;gif;jpg;jpeg;jpe;resx;tiff;tif;png;wav;mfcribbon-ms</Extensions>
    </Filter>
  </ItemGroup>
  <ItemGroup>
    <Text Include="ReadMe.txt" />
  </ItemGroup>
  <ItemGroup>
    <ClInclude Include="stdafx.h">
      <Filter>Header Files</Filter>
    </ClInclude>
    <ClInclude Include="targetver.h">
      <Filter>Header Files</Filter>
    </ClInclude>
    <ClInclude Include="CtoBrainfuckTranslator.h">
      <Filter>Header Files</Filter>
    </ClInclude>
    <ClInclude Include="CVariable.h">
      <Filter>Header Files</Filter>
    </ClInclude>
    <ClInclude Include="operation_translation_result.h">
      <Filter>Header Files</Filter>
    </ClInclude>
    <ClInclude Include="variable_type.h">
      <Filter>Header Files</Filter>
    </ClInclude>
    <ClInclude Include="word_type.h">
      <Filter>Header Files</Filter>
    </ClInclude>
    <ClInclude Include="oper_type.h">
      <Filter>Header Files</Filter>
    </ClInclude>
    <ClInclude Include="CMemoryManager.h">
      <Filter>Header Files</Filter>
    </ClInclude>
    <ClInclude Include="CMemoryAddressSpace.h">
      <Filter>Header Files</Filter>
    </ClInclude>
    <ClInclude Include="CMemoryAddressRange.h">
      <Filter>Header Files</Filter>
    </ClInclude>
    <ClInclude Include="MachineConfiguration.h">
      <Filter>Header Files</Filter>
    </ClInclude>
    <ClInclude Include="variable_group_index_logic_guard.h">
      <Filter>Header Files</Filter>
    </ClInclude>
    <ClInclude Include="CVarType.h">
      <Filter>Header Files</Filter>
    </ClInclude>
    <ClInclude Include="BinaryOperationKernel.h">
      <Filter>Header Files</Filter>
    </ClInclude>
    <ClInclude Include="UnaryOperationKernel.h">
      <Filter>Header Files</Filter>
    </ClInclude>
    <ClInclude Include="CVarTypesRegister.h">
      <Filter>Header Files</Filter>
    </ClInclude>
    <ClInclude Include="BaseTypesOperations.h">
      <Filter>Header Files</Filter>
    </ClInclude>
    <ClInclude Include="COperationIntegration.h">
      <Filter>Header Files</Filter>
    </ClInclude>
    <ClInclude Include="ConstInitializeOperationKernel.h">
      <Filter>Header Files</Filter>
    </ClInclude>
    <ClInclude Include="compile_utils.h">
      <Filter>Header Files</Filter>
    </ClInclude>
    <ClInclude Include="CtoBrainfuckCompilationResult.h">
      <Filter>Header Files</Filter>
    </ClInclude>
    <ClInclude Include="CProgramConfiguration.h">
      <Filter>Header Files</Filter>
    </ClInclude>
    <ClInclude Include="compile_utils_defs.h">
      <Filter>Header Files</Filter>
    </ClInclude>
    <ClInclude Include="BFFunctionIntegration.h">
      <Filter>Header Files</Filter>
    </ClInclude>
    <ClInclude Include="BFMemoryManagerIntegrator.h">
      <Filter>Header Files</Filter>
    </ClInclude>
    <ClInclude Include="CFunctionInfo.h">
      <Filter>Header Files</Filter>
    </ClInclude>
    <ClInclude Include="CCode.h">
      <Filter>Header Files</Filter>
    </ClInclude>
    <ClInclude Include="CFunc.h">
      <Filter>Header Files</Filter>
    </ClInclude>
    <ClInclude Include="CVar.h">
      <Filter>Header Files</Filter>
    </ClInclude>
    <ClInclude Include="CVarPrototype.h">
      <Filter>Header Files</Filter>
    </ClInclude>
    <ClInclude Include="COperationsSet.h">
      <Filter>Header Files</Filter>
    </ClInclude>
    <ClInclude Include="BFDynamicMemoryJumper.h">
      <Filter>Header Files</Filter>
    </ClInclude>
    <ClInclude Include="MaskInfo.h">
      <Filter>Header Files</Filter>
    </ClInclude>
    <ClInclude Include="BFMemoryBlock.h">
      <Filter>Header Files</Filter>
    </ClInclude>
    <ClInclude Include="BFMemoryBlockBuilder.h">
      <Filter>Header Files</Filter>
    </ClInclude>
    <ClInclude Include="CScope.h">
      <Filter>Header Files</Filter>
    </ClInclude>
    <ClInclude Include="CElement.h">
      <Filter>Header Files</Filter>
    </ClInclude>
    <ClInclude Include="c2bf_typedefs.h">
      <Filter>Header Files</Filter>
    </ClInclude>
    <ClInclude Include="CPPAbstractSyntaxTree.h">
      <Filter>Header Files</Filter>
    </ClInclude>
    <ClInclude Include="CPPStatements.h">
      <Filter>Header Files</Filter>
    </ClInclude>
    <ClInclude Include="TokenWord.h">
      <Filter>Header Files</Filter>
    </ClInclude>
  </ItemGroup>
  <ItemGroup>
    <ClCompile Include="stdafx.cpp">
      <Filter>Source Files</Filter>
    </ClCompile>
    <ClCompile Include="CtoBrainfuckCompiler.cpp">
      <Filter>Source Files</Filter>
    </ClCompile>
    <ClCompile Include="CtoBrainfuckTranslator.cpp">
      <Filter>Source Files</Filter>
    </ClCompile>
    <ClCompile Include="CVariableMemoryLocation.cpp">
      <Filter>Source Files</Filter>
    </ClCompile>
    <ClCompile Include="CMemoryAddressRange.cpp">
      <Filter>Source Files</Filter>
    </ClCompile>
    <ClCompile Include="CMemoryAddressSpace.cpp">
      <Filter>Source Files</Filter>
    </ClCompile>
    <ClCompile Include="CMemoryManager.cpp">
      <Filter>Source Files</Filter>
    </ClCompile>
    <ClCompile Include="IntOperations.cpp">
      <Filter>Source Files</Filter>
    </ClCompile>
    <ClCompile Include="CVarTypesRegister.cpp">
      <Filter>Source Files</Filter>
    </ClCompile>
    <ClCompile Include="compile_utils.cpp">
      <Filter>Source Files</Filter>
    </ClCompile>
    <ClCompile Include="CellOperations.cpp">
      <Filter>Source Files</Filter>
    </ClCompile>
    <ClCompile Include="COperationsSet.cpp">
      <Filter>Source Files</Filter>
    </ClCompile>
    <ClCompile Include="CVar.cpp">
      <Filter>Source Files</Filter>
    </ClCompile>
    <ClCompile Include="CVarPrototype.cpp">
      <Filter>Source Files</Filter>
    </ClCompile>
    <ClCompile Include="CVarType.cpp">
      <Filter>Source Files</Filter>
    </ClCompile>
    <ClCompile Include="BFMemoryManagerIntegrator.cpp">
      <Filter>Source Files</Filter>
    </ClCompile>
    <ClCompile Include="BFDynamicMemoryJumper.cpp">
      <Filter>Resource Files</Filter>
    </ClCompile>
    <ClCompile Include="BFMemoryBlock.cpp">
      <Filter>Source Files</Filter>
    </ClCompile>
    <ClCompile Include="BFMemoryBlockBuilder.cpp">
      <Filter>Source Files</Filter>
    </ClCompile>
    <ClCompile Include="CScope.cpp">
      <Filter>Source Files</Filter>
    </ClCompile>
    <ClCompile Include="CCode.cpp">
      <Filter>Source Files</Filter>
    </ClCompile>
    <ClCompile Include="CFunc.cpp">
      <Filter>Source Files</Filter>
    </ClCompile>
    <ClCompile Include="CPPStatements.cpp">
      <Filter>Header Files</Filter>
    </ClCompile>
    <ClCompile Include="CPPAbstractSyntaxTree.cpp">
      <Filter>Source Files</Filter>
    </ClCompile>
  </ItemGroup>
</Project>